// !$*UTF8*$!
{
	archiveVersion = 1;
	classes = {
	};
	objectVersion = 46;
	objects = {

/* Begin PBXBuildFile section */
		882C48781A825D74009D9597 /* SettingsViewController.m in Sources */ = {isa = PBXBuildFile; fileRef = 882C48771A825D74009D9597 /* SettingsViewController.m */; };
		887AEFEE1A816502007153E4 /* CameraViewController.m in Sources */ = {isa = PBXBuildFile; fileRef = 887AEFED1A816502007153E4 /* CameraViewController.m */; };
		887AEFF31A818626007153E4 /* Photo.m in Sources */ = {isa = PBXBuildFile; fileRef = 887AEFF01A818626007153E4 /* Photo.m */; };
		887AEFF41A818626007153E4 /* User.m in Sources */ = {isa = PBXBuildFile; fileRef = 887AEFF21A818626007153E4 /* User.m */; };
		88D085D11A82314500CB4B52 /* FeedCell.m in Sources */ = {isa = PBXBuildFile; fileRef = 88D085D01A82314500CB4B52 /* FeedCell.m */; };
		88D085D51A82436F00CB4B52 /* MainTabBarController.m in Sources */ = {isa = PBXBuildFile; fileRef = 88D085D41A82436F00CB4B52 /* MainTabBarController.m */; };
		88D085D81A824AF300CB4B52 /* CommentsViewController.m in Sources */ = {isa = PBXBuildFile; fileRef = 88D085D71A824AF300CB4B52 /* CommentsViewController.m */; };
		9138C75D1A813EBB0097C0EA /* main.m in Sources */ = {isa = PBXBuildFile; fileRef = 9138C75C1A813EBB0097C0EA /* main.m */; };
		9138C7601A813EBB0097C0EA /* AppDelegate.m in Sources */ = {isa = PBXBuildFile; fileRef = 9138C75F1A813EBB0097C0EA /* AppDelegate.m */; };
		9138C7631A813EBB0097C0EA /* HomeViewController.m in Sources */ = {isa = PBXBuildFile; fileRef = 9138C7621A813EBB0097C0EA /* HomeViewController.m */; };
		9138C7661A813EBB0097C0EA /* Main.storyboard in Resources */ = {isa = PBXBuildFile; fileRef = 9138C7641A813EBB0097C0EA /* Main.storyboard */; };
		9138C7681A813EBB0097C0EA /* Images.xcassets in Resources */ = {isa = PBXBuildFile; fileRef = 9138C7671A813EBB0097C0EA /* Images.xcassets */; };
		9138C76B1A813EBB0097C0EA /* LaunchScreen.xib in Resources */ = {isa = PBXBuildFile; fileRef = 9138C7691A813EBB0097C0EA /* LaunchScreen.xib */; };
		9138C7771A813EBB0097C0EA /* InstaBossTests.m in Sources */ = {isa = PBXBuildFile; fileRef = 9138C7761A813EBB0097C0EA /* InstaBossTests.m */; };
		914AC1F01A81877300A60F4A /* AudioToolbox.framework in Frameworks */ = {isa = PBXBuildFile; fileRef = 914AC1EF1A81877300A60F4A /* AudioToolbox.framework */; };
		914AC1F21A81877C00A60F4A /* CFNetwork.framework in Frameworks */ = {isa = PBXBuildFile; fileRef = 914AC1F11A81877C00A60F4A /* CFNetwork.framework */; };
		914AC1F41A81878700A60F4A /* CoreGraphics.framework in Frameworks */ = {isa = PBXBuildFile; fileRef = 914AC1F31A81878700A60F4A /* CoreGraphics.framework */; };
		914AC1F61A81879100A60F4A /* CoreLocation.framework in Frameworks */ = {isa = PBXBuildFile; fileRef = 914AC1F51A81879100A60F4A /* CoreLocation.framework */; };
		914AC1F81A8187A000A60F4A /* MobileCoreServices.framework in Frameworks */ = {isa = PBXBuildFile; fileRef = 914AC1F71A8187A000A60F4A /* MobileCoreServices.framework */; };
		914AC1FA1A8187AA00A60F4A /* QuartzCore.framework in Frameworks */ = {isa = PBXBuildFile; fileRef = 914AC1F91A8187AA00A60F4A /* QuartzCore.framework */; };
		914AC1FC1A8187B700A60F4A /* Security.framework in Frameworks */ = {isa = PBXBuildFile; fileRef = 914AC1FB1A8187B700A60F4A /* Security.framework */; };
		914AC1FE1A8187C100A60F4A /* StoreKit.framework in Frameworks */ = {isa = PBXBuildFile; fileRef = 914AC1FD1A8187C100A60F4A /* StoreKit.framework */; };
		914AC2001A8187CD00A60F4A /* SystemConfiguration.framework in Frameworks */ = {isa = PBXBuildFile; fileRef = 914AC1FF1A8187CD00A60F4A /* SystemConfiguration.framework */; };
		914AC2021A8187D700A60F4A /* libz.dylib in Frameworks */ = {isa = PBXBuildFile; fileRef = 914AC2011A8187D700A60F4A /* libz.dylib */; };
		914AC2041A8187ED00A60F4A /* libsqlite3.dylib in Frameworks */ = {isa = PBXBuildFile; fileRef = 914AC2031A8187ED00A60F4A /* libsqlite3.dylib */; };
		914AC20A1A81883100A60F4A /* Bolts.framework in Frameworks */ = {isa = PBXBuildFile; fileRef = 914AC2051A81883100A60F4A /* Bolts.framework */; };
		914AC20B1A81883100A60F4A /* Parse.framework in Frameworks */ = {isa = PBXBuildFile; fileRef = 914AC2061A81883100A60F4A /* Parse.framework */; };
		914AC20C1A81883100A60F4A /* ParseCrashReporting.framework in Frameworks */ = {isa = PBXBuildFile; fileRef = 914AC2071A81883100A60F4A /* ParseCrashReporting.framework */; };
		914AC20D1A81883100A60F4A /* ParseFacebookUtils.framework in Frameworks */ = {isa = PBXBuildFile; fileRef = 914AC2081A81883100A60F4A /* ParseFacebookUtils.framework */; };
		914AC20E1A81883100A60F4A /* ParseUI.framework in Frameworks */ = {isa = PBXBuildFile; fileRef = 914AC2091A81883100A60F4A /* ParseUI.framework */; };
		914AD60B1A8199F300C9CDE0 /* FeedViewController.m in Sources */ = {isa = PBXBuildFile; fileRef = 914AD60A1A8199F300C9CDE0 /* FeedViewController.m */; };
/* End PBXBuildFile section */

/* Begin PBXContainerItemProxy section */
		9138C7711A813EBB0097C0EA /* PBXContainerItemProxy */ = {
			isa = PBXContainerItemProxy;
			containerPortal = 9138C74F1A813EBB0097C0EA /* Project object */;
			proxyType = 1;
			remoteGlobalIDString = 9138C7561A813EBB0097C0EA;
			remoteInfo = InstaBoss;
		};
/* End PBXContainerItemProxy section */

/* Begin PBXFileReference section */
		882C48761A825D74009D9597 /* SettingsViewController.h */ = {isa = PBXFileReference; fileEncoding = 4; lastKnownFileType = sourcecode.c.h; path = SettingsViewController.h; sourceTree = "<group>"; };
		882C48771A825D74009D9597 /* SettingsViewController.m */ = {isa = PBXFileReference; fileEncoding = 4; lastKnownFileType = sourcecode.c.objc; path = SettingsViewController.m; sourceTree = "<group>"; };
		887AEFEC1A816502007153E4 /* CameraViewController.h */ = {isa = PBXFileReference; fileEncoding = 4; lastKnownFileType = sourcecode.c.h; path = CameraViewController.h; sourceTree = "<group>"; };
		887AEFED1A816502007153E4 /* CameraViewController.m */ = {isa = PBXFileReference; fileEncoding = 4; lastKnownFileType = sourcecode.c.objc; path = CameraViewController.m; sourceTree = "<group>"; };
		887AEFEF1A818626007153E4 /* Photo.h */ = {isa = PBXFileReference; fileEncoding = 4; lastKnownFileType = sourcecode.c.h; path = Photo.h; sourceTree = "<group>"; };
		887AEFF01A818626007153E4 /* Photo.m */ = {isa = PBXFileReference; fileEncoding = 4; lastKnownFileType = sourcecode.c.objc; path = Photo.m; sourceTree = "<group>"; };
		887AEFF11A818626007153E4 /* User.h */ = {isa = PBXFileReference; fileEncoding = 4; lastKnownFileType = sourcecode.c.h; path = User.h; sourceTree = "<group>"; };
		887AEFF21A818626007153E4 /* User.m */ = {isa = PBXFileReference; fileEncoding = 4; lastKnownFileType = sourcecode.c.objc; path = User.m; sourceTree = "<group>"; };
		88D085CF1A82314500CB4B52 /* FeedCell.h */ = {isa = PBXFileReference; fileEncoding = 4; lastKnownFileType = sourcecode.c.h; path = FeedCell.h; sourceTree = "<group>"; };
		88D085D01A82314500CB4B52 /* FeedCell.m */ = {isa = PBXFileReference; fileEncoding = 4; lastKnownFileType = sourcecode.c.objc; path = FeedCell.m; sourceTree = "<group>"; };
		88D085D21A82355500CB4B52 /* Constants.h */ = {isa = PBXFileReference; lastKnownFileType = sourcecode.c.h; path = Constants.h; sourceTree = "<group>"; };
		88D085D31A82436F00CB4B52 /* MainTabBarController.h */ = {isa = PBXFileReference; fileEncoding = 4; lastKnownFileType = sourcecode.c.h; path = MainTabBarController.h; sourceTree = "<group>"; };
		88D085D41A82436F00CB4B52 /* MainTabBarController.m */ = {isa = PBXFileReference; fileEncoding = 4; lastKnownFileType = sourcecode.c.objc; path = MainTabBarController.m; sourceTree = "<group>"; };
		88D085D61A824AF300CB4B52 /* CommentsViewController.h */ = {isa = PBXFileReference; fileEncoding = 4; lastKnownFileType = sourcecode.c.h; path = CommentsViewController.h; sourceTree = "<group>"; };
		88D085D71A824AF300CB4B52 /* CommentsViewController.m */ = {isa = PBXFileReference; fileEncoding = 4; lastKnownFileType = sourcecode.c.objc; path = CommentsViewController.m; sourceTree = "<group>"; };
		9138C7571A813EBB0097C0EA /* InstaBoss.app */ = {isa = PBXFileReference; explicitFileType = wrapper.application; includeInIndex = 0; path = InstaBoss.app; sourceTree = BUILT_PRODUCTS_DIR; };
		9138C75B1A813EBB0097C0EA /* Info.plist */ = {isa = PBXFileReference; lastKnownFileType = text.plist.xml; path = Info.plist; sourceTree = "<group>"; };
		9138C75C1A813EBB0097C0EA /* main.m */ = {isa = PBXFileReference; lastKnownFileType = sourcecode.c.objc; path = main.m; sourceTree = "<group>"; };
		9138C75E1A813EBB0097C0EA /* AppDelegate.h */ = {isa = PBXFileReference; lastKnownFileType = sourcecode.c.h; path = AppDelegate.h; sourceTree = "<group>"; };
		9138C75F1A813EBB0097C0EA /* AppDelegate.m */ = {isa = PBXFileReference; lastKnownFileType = sourcecode.c.objc; path = AppDelegate.m; sourceTree = "<group>"; };
		9138C7611A813EBB0097C0EA /* HomeViewController.h */ = {isa = PBXFileReference; lastKnownFileType = sourcecode.c.h; path = HomeViewController.h; sourceTree = "<group>"; };
		9138C7621A813EBB0097C0EA /* HomeViewController.m */ = {isa = PBXFileReference; lastKnownFileType = sourcecode.c.objc; path = HomeViewController.m; sourceTree = "<group>"; };
		9138C7651A813EBB0097C0EA /* Base */ = {isa = PBXFileReference; lastKnownFileType = file.storyboard; name = Base; path = Base.lproj/Main.storyboard; sourceTree = "<group>"; };
		9138C7671A813EBB0097C0EA /* Images.xcassets */ = {isa = PBXFileReference; lastKnownFileType = folder.assetcatalog; path = Images.xcassets; sourceTree = "<group>"; };
		9138C76A1A813EBB0097C0EA /* Base */ = {isa = PBXFileReference; lastKnownFileType = file.xib; name = Base; path = Base.lproj/LaunchScreen.xib; sourceTree = "<group>"; };
		9138C7701A813EBB0097C0EA /* InstaBossTests.xctest */ = {isa = PBXFileReference; explicitFileType = wrapper.cfbundle; includeInIndex = 0; path = InstaBossTests.xctest; sourceTree = BUILT_PRODUCTS_DIR; };
		9138C7751A813EBB0097C0EA /* Info.plist */ = {isa = PBXFileReference; lastKnownFileType = text.plist.xml; path = Info.plist; sourceTree = "<group>"; };
		9138C7761A813EBB0097C0EA /* InstaBossTests.m */ = {isa = PBXFileReference; lastKnownFileType = sourcecode.c.objc; path = InstaBossTests.m; sourceTree = "<group>"; };
		914AC1EF1A81877300A60F4A /* AudioToolbox.framework */ = {isa = PBXFileReference; lastKnownFileType = wrapper.framework; name = AudioToolbox.framework; path = System/Library/Frameworks/AudioToolbox.framework; sourceTree = SDKROOT; };
		914AC1F11A81877C00A60F4A /* CFNetwork.framework */ = {isa = PBXFileReference; lastKnownFileType = wrapper.framework; name = CFNetwork.framework; path = System/Library/Frameworks/CFNetwork.framework; sourceTree = SDKROOT; };
		914AC1F31A81878700A60F4A /* CoreGraphics.framework */ = {isa = PBXFileReference; lastKnownFileType = wrapper.framework; name = CoreGraphics.framework; path = System/Library/Frameworks/CoreGraphics.framework; sourceTree = SDKROOT; };
		914AC1F51A81879100A60F4A /* CoreLocation.framework */ = {isa = PBXFileReference; lastKnownFileType = wrapper.framework; name = CoreLocation.framework; path = System/Library/Frameworks/CoreLocation.framework; sourceTree = SDKROOT; };
		914AC1F71A8187A000A60F4A /* MobileCoreServices.framework */ = {isa = PBXFileReference; lastKnownFileType = wrapper.framework; name = MobileCoreServices.framework; path = System/Library/Frameworks/MobileCoreServices.framework; sourceTree = SDKROOT; };
		914AC1F91A8187AA00A60F4A /* QuartzCore.framework */ = {isa = PBXFileReference; lastKnownFileType = wrapper.framework; name = QuartzCore.framework; path = System/Library/Frameworks/QuartzCore.framework; sourceTree = SDKROOT; };
		914AC1FB1A8187B700A60F4A /* Security.framework */ = {isa = PBXFileReference; lastKnownFileType = wrapper.framework; name = Security.framework; path = System/Library/Frameworks/Security.framework; sourceTree = SDKROOT; };
		914AC1FD1A8187C100A60F4A /* StoreKit.framework */ = {isa = PBXFileReference; lastKnownFileType = wrapper.framework; name = StoreKit.framework; path = System/Library/Frameworks/StoreKit.framework; sourceTree = SDKROOT; };
		914AC1FF1A8187CD00A60F4A /* SystemConfiguration.framework */ = {isa = PBXFileReference; lastKnownFileType = wrapper.framework; name = SystemConfiguration.framework; path = System/Library/Frameworks/SystemConfiguration.framework; sourceTree = SDKROOT; };
		914AC2011A8187D700A60F4A /* libz.dylib */ = {isa = PBXFileReference; lastKnownFileType = "compiled.mach-o.dylib"; name = libz.dylib; path = usr/lib/libz.dylib; sourceTree = SDKROOT; };
		914AC2031A8187ED00A60F4A /* libsqlite3.dylib */ = {isa = PBXFileReference; lastKnownFileType = "compiled.mach-o.dylib"; name = libsqlite3.dylib; path = usr/lib/libsqlite3.dylib; sourceTree = SDKROOT; };
		914AC2051A81883100A60F4A /* Bolts.framework */ = {isa = PBXFileReference; lastKnownFileType = wrapper.framework; name = Bolts.framework; path = ../Bolts.framework; sourceTree = "<group>"; };
		914AC2061A81883100A60F4A /* Parse.framework */ = {isa = PBXFileReference; lastKnownFileType = wrapper.framework; name = Parse.framework; path = ../Parse.framework; sourceTree = "<group>"; };
		914AC2071A81883100A60F4A /* ParseCrashReporting.framework */ = {isa = PBXFileReference; lastKnownFileType = wrapper.framework; name = ParseCrashReporting.framework; path = ../ParseCrashReporting.framework; sourceTree = "<group>"; };
		914AC2081A81883100A60F4A /* ParseFacebookUtils.framework */ = {isa = PBXFileReference; lastKnownFileType = wrapper.framework; name = ParseFacebookUtils.framework; path = ../ParseFacebookUtils.framework; sourceTree = "<group>"; };
		914AC2091A81883100A60F4A /* ParseUI.framework */ = {isa = PBXFileReference; lastKnownFileType = wrapper.framework; name = ParseUI.framework; path = ../ParseUI.framework; sourceTree = "<group>"; };
		914AD6091A8199F300C9CDE0 /* FeedViewController.h */ = {isa = PBXFileReference; fileEncoding = 4; lastKnownFileType = sourcecode.c.h; path = FeedViewController.h; sourceTree = "<group>"; };
		914AD60A1A8199F300C9CDE0 /* FeedViewController.m */ = {isa = PBXFileReference; fileEncoding = 4; lastKnownFileType = sourcecode.c.objc; path = FeedViewController.m; sourceTree = "<group>"; };
/* End PBXFileReference section */

/* Begin PBXFrameworksBuildPhase section */
		9138C7541A813EBB0097C0EA /* Frameworks */ = {
			isa = PBXFrameworksBuildPhase;
			buildActionMask = 2147483647;
			files = (
				914AC2041A8187ED00A60F4A /* libsqlite3.dylib in Frameworks */,
				914AC2021A8187D700A60F4A /* libz.dylib in Frameworks */,
				914AC2001A8187CD00A60F4A /* SystemConfiguration.framework in Frameworks */,
				914AC20A1A81883100A60F4A /* Bolts.framework in Frameworks */,
				914AC1FE1A8187C100A60F4A /* StoreKit.framework in Frameworks */,
				914AC20C1A81883100A60F4A /* ParseCrashReporting.framework in Frameworks */,
				914AC20E1A81883100A60F4A /* ParseUI.framework in Frameworks */,
				914AC1FC1A8187B700A60F4A /* Security.framework in Frameworks */,
				914AC20B1A81883100A60F4A /* Parse.framework in Frameworks */,
				914AC20D1A81883100A60F4A /* ParseFacebookUtils.framework in Frameworks */,
				914AC1FA1A8187AA00A60F4A /* QuartzCore.framework in Frameworks */,
				914AC1F81A8187A000A60F4A /* MobileCoreServices.framework in Frameworks */,
				914AC1F61A81879100A60F4A /* CoreLocation.framework in Frameworks */,
				914AC1F41A81878700A60F4A /* CoreGraphics.framework in Frameworks */,
				914AC1F21A81877C00A60F4A /* CFNetwork.framework in Frameworks */,
				914AC1F01A81877300A60F4A /* AudioToolbox.framework in Frameworks */,
			);
			runOnlyForDeploymentPostprocessing = 0;
		};
		9138C76D1A813EBB0097C0EA /* Frameworks */ = {
			isa = PBXFrameworksBuildPhase;
			buildActionMask = 2147483647;
			files = (
			);
			runOnlyForDeploymentPostprocessing = 0;
		};
/* End PBXFrameworksBuildPhase section */

/* Begin PBXGroup section */
		882C48751A825D65009D9597 /* Settings */ = {
			isa = PBXGroup;
			children = (
				882C48761A825D74009D9597 /* SettingsViewController.h */,
				882C48771A825D74009D9597 /* SettingsViewController.m */,
			);
			name = Settings;
			sourceTree = "<group>";
		};
		887AEFEB1A8164EA007153E4 /* Camera */ = {
			isa = PBXGroup;
			children = (
				887AEFEC1A816502007153E4 /* CameraViewController.h */,
				887AEFED1A816502007153E4 /* CameraViewController.m */,
			);
			name = Camera;
			sourceTree = "<group>";
		};
		887AEFF51A818632007153E4 /* Model */ = {
			isa = PBXGroup;
			children = (
				887AEFEF1A818626007153E4 /* Photo.h */,
				887AEFF01A818626007153E4 /* Photo.m */,
				887AEFF11A818626007153E4 /* User.h */,
				887AEFF21A818626007153E4 /* User.m */,
			);
			name = Model;
			sourceTree = "<group>";
		};
		88D085CE1A82312500CB4B52 /* Feed */ = {
			isa = PBXGroup;
			children = (
				88D085D61A824AF300CB4B52 /* CommentsViewController.h */,
				88D085D71A824AF300CB4B52 /* CommentsViewController.m */,
				914AD6091A8199F300C9CDE0 /* FeedViewController.h */,
				914AD60A1A8199F300C9CDE0 /* FeedViewController.m */,
				88D085CF1A82314500CB4B52 /* FeedCell.h */,
				88D085D01A82314500CB4B52 /* FeedCell.m */,
			);
			name = Feed;
			sourceTree = "<group>";
		};
		9138C74E1A813EBB0097C0EA = {
			isa = PBXGroup;
			children = (
				9138C7591A813EBB0097C0EA /* InstaBoss */,
				9138C7731A813EBB0097C0EA /* InstaBossTests */,
				9138C7581A813EBB0097C0EA /* Products */,
			);
			sourceTree = "<group>";
		};
		9138C7581A813EBB0097C0EA /* Products */ = {
			isa = PBXGroup;
			children = (
				9138C7571A813EBB0097C0EA /* InstaBoss.app */,
				9138C7701A813EBB0097C0EA /* InstaBossTests.xctest */,
			);
			name = Products;
			sourceTree = "<group>";
		};
		9138C7591A813EBB0097C0EA /* InstaBoss */ = {
			isa = PBXGroup;
			children = (
				9138C7641A813EBB0097C0EA /* Main.storyboard */,
				887AEFF51A818632007153E4 /* Model */,
				9138C7811A813EE20097C0EA /* View Controllers */,
				914AC1EE1A81869900A60F4A /* Frameworks */,
				9138C7801A813ECD0097C0EA /* Defaults */,
				9138C75A1A813EBB0097C0EA /* Supporting Files */,
			);
			path = InstaBoss;
			sourceTree = "<group>";
		};
		9138C75A1A813EBB0097C0EA /* Supporting Files */ = {
			isa = PBXGroup;
			children = (
				9138C75B1A813EBB0097C0EA /* Info.plist */,
				9138C75C1A813EBB0097C0EA /* main.m */,
			);
			name = "Supporting Files";
			sourceTree = "<group>";
		};
		9138C7731A813EBB0097C0EA /* InstaBossTests */ = {
			isa = PBXGroup;
			children = (
				9138C7761A813EBB0097C0EA /* InstaBossTests.m */,
				9138C7741A813EBB0097C0EA /* Supporting Files */,
			);
			path = InstaBossTests;
			sourceTree = "<group>";
		};
		9138C7741A813EBB0097C0EA /* Supporting Files */ = {
			isa = PBXGroup;
			children = (
				9138C7751A813EBB0097C0EA /* Info.plist */,
			);
			name = "Supporting Files";
			sourceTree = "<group>";
		};
		9138C7801A813ECD0097C0EA /* Defaults */ = {
			isa = PBXGroup;
			children = (
				9138C75E1A813EBB0097C0EA /* AppDelegate.h */,
				9138C75F1A813EBB0097C0EA /* AppDelegate.m */,
				9138C7671A813EBB0097C0EA /* Images.xcassets */,
				9138C7691A813EBB0097C0EA /* LaunchScreen.xib */,
				88D085D21A82355500CB4B52 /* Constants.h */,
			);
			name = Defaults;
			sourceTree = "<group>";
		};
		9138C7811A813EE20097C0EA /* View Controllers */ = {
			isa = PBXGroup;
			children = (
				882C48751A825D65009D9597 /* Settings */,
				9138C7611A813EBB0097C0EA /* HomeViewController.h */,
				9138C7621A813EBB0097C0EA /* HomeViewController.m */,
				88D085D31A82436F00CB4B52 /* MainTabBarController.h */,
				88D085D41A82436F00CB4B52 /* MainTabBarController.m */,
				88D085CE1A82312500CB4B52 /* Feed */,
				887AEFEB1A8164EA007153E4 /* Camera */,
			);
			name = "View Controllers";
			sourceTree = "<group>";
		};
		914AC1EE1A81869900A60F4A /* Frameworks */ = {
			isa = PBXGroup;
			children = (
				914AC2031A8187ED00A60F4A /* libsqlite3.dylib */,
				914AC2011A8187D700A60F4A /* libz.dylib */,
				914AC1FF1A8187CD00A60F4A /* SystemConfiguration.framework */,
				914AC1FD1A8187C100A60F4A /* StoreKit.framework */,
				914AC1FB1A8187B700A60F4A /* Security.framework */,
				914AC1F91A8187AA00A60F4A /* QuartzCore.framework */,
				914AC1F71A8187A000A60F4A /* MobileCoreServices.framework */,
				914AC1F51A81879100A60F4A /* CoreLocation.framework */,
				914AC1F31A81878700A60F4A /* CoreGraphics.framework */,
				914AC1F11A81877C00A60F4A /* CFNetwork.framework */,
				914AC1EF1A81877300A60F4A /* AudioToolbox.framework */,
				914AC2051A81883100A60F4A /* Bolts.framework */,
				914AC2061A81883100A60F4A /* Parse.framework */,
				914AC2071A81883100A60F4A /* ParseCrashReporting.framework */,
				914AC2081A81883100A60F4A /* ParseFacebookUtils.framework */,
				914AC2091A81883100A60F4A /* ParseUI.framework */,
			);
			name = Frameworks;
			sourceTree = "<group>";
		};
/* End PBXGroup section */

/* Begin PBXNativeTarget section */
		9138C7561A813EBB0097C0EA /* InstaBoss */ = {
			isa = PBXNativeTarget;
			buildConfigurationList = 9138C77A1A813EBB0097C0EA /* Build configuration list for PBXNativeTarget "InstaBoss" */;
			buildPhases = (
				9138C7531A813EBB0097C0EA /* Sources */,
				9138C7541A813EBB0097C0EA /* Frameworks */,
				9138C7551A813EBB0097C0EA /* Resources */,
				882C486E1A825D36009D9597 /* ShellScript */,
			);
			buildRules = (
			);
			dependencies = (
			);
			name = InstaBoss;
			productName = InstaBoss;
			productReference = 9138C7571A813EBB0097C0EA /* InstaBoss.app */;
			productType = "com.apple.product-type.application";
		};
		9138C76F1A813EBB0097C0EA /* InstaBossTests */ = {
			isa = PBXNativeTarget;
			buildConfigurationList = 9138C77D1A813EBB0097C0EA /* Build configuration list for PBXNativeTarget "InstaBossTests" */;
			buildPhases = (
				9138C76C1A813EBB0097C0EA /* Sources */,
				9138C76D1A813EBB0097C0EA /* Frameworks */,
				9138C76E1A813EBB0097C0EA /* Resources */,
			);
			buildRules = (
			);
			dependencies = (
				9138C7721A813EBB0097C0EA /* PBXTargetDependency */,
			);
			name = InstaBossTests;
			productName = InstaBossTests;
			productReference = 9138C7701A813EBB0097C0EA /* InstaBossTests.xctest */;
			productType = "com.apple.product-type.bundle.unit-test";
		};
/* End PBXNativeTarget section */

/* Begin PBXProject section */
		9138C74F1A813EBB0097C0EA /* Project object */ = {
			isa = PBXProject;
			attributes = {
				LastUpgradeCheck = 0610;
				ORGANIZATIONNAME = "Aaron Bradley";
				TargetAttributes = {
					9138C7561A813EBB0097C0EA = {
						CreatedOnToolsVersion = 6.1.1;
						DevelopmentTeam = 3ZZDJNGJUA;
					};
					9138C76F1A813EBB0097C0EA = {
						CreatedOnToolsVersion = 6.1.1;
						TestTargetID = 9138C7561A813EBB0097C0EA;
					};
				};
			};
			buildConfigurationList = 9138C7521A813EBB0097C0EA /* Build configuration list for PBXProject "InstaBoss" */;
			compatibilityVersion = "Xcode 3.2";
			developmentRegion = English;
			hasScannedForEncodings = 0;
			knownRegions = (
				en,
				Base,
			);
			mainGroup = 9138C74E1A813EBB0097C0EA;
			productRefGroup = 9138C7581A813EBB0097C0EA /* Products */;
			projectDirPath = "";
			projectRoot = "";
			targets = (
				9138C7561A813EBB0097C0EA /* InstaBoss */,
				9138C76F1A813EBB0097C0EA /* InstaBossTests */,
			);
		};
/* End PBXProject section */

/* Begin PBXResourcesBuildPhase section */
		9138C7551A813EBB0097C0EA /* Resources */ = {
			isa = PBXResourcesBuildPhase;
			buildActionMask = 2147483647;
			files = (
				9138C7661A813EBB0097C0EA /* Main.storyboard in Resources */,
				9138C76B1A813EBB0097C0EA /* LaunchScreen.xib in Resources */,
				9138C7681A813EBB0097C0EA /* Images.xcassets in Resources */,
			);
			runOnlyForDeploymentPostprocessing = 0;
		};
		9138C76E1A813EBB0097C0EA /* Resources */ = {
			isa = PBXResourcesBuildPhase;
			buildActionMask = 2147483647;
			files = (
			);
			runOnlyForDeploymentPostprocessing = 0;
		};
/* End PBXResourcesBuildPhase section */

/* Begin PBXShellScriptBuildPhase section */
		882C486E1A825D36009D9597 /* ShellScript */ = {
			isa = PBXShellScriptBuildPhase;
			buildActionMask = 2147483647;
			files = (
			);
			inputPaths = (
			);
			outputPaths = (
			);
			runOnlyForDeploymentPostprocessing = 0;
			shellPath = /bin/sh;
			shellScript = "./Fabric.framework/run 3a7b3ca698c683448d7ae95f7aa8f28aa07fd8f4 86917be90ecf46c2770682611bf15f1aeafdd848104964523816326e4f54c48d";
		};
/* End PBXShellScriptBuildPhase section */

/* Begin PBXSourcesBuildPhase section */
		9138C7531A813EBB0097C0EA /* Sources */ = {
			isa = PBXSourcesBuildPhase;
			buildActionMask = 2147483647;
			files = (
				887AEFF31A818626007153E4 /* Photo.m in Sources */,
				88D085D11A82314500CB4B52 /* FeedCell.m in Sources */,
				88D085D51A82436F00CB4B52 /* MainTabBarController.m in Sources */,
				887AEFF41A818626007153E4 /* User.m in Sources */,
				914AD60B1A8199F300C9CDE0 /* FeedViewController.m in Sources */,
				887AEFEE1A816502007153E4 /* CameraViewController.m in Sources */,
				9138C7631A813EBB0097C0EA /* HomeViewController.m in Sources */,
				9138C7601A813EBB0097C0EA /* AppDelegate.m in Sources */,
				882C48781A825D74009D9597 /* SettingsViewController.m in Sources */,
				88D085D81A824AF300CB4B52 /* CommentsViewController.m in Sources */,
				9138C75D1A813EBB0097C0EA /* main.m in Sources */,
			);
			runOnlyForDeploymentPostprocessing = 0;
		};
		9138C76C1A813EBB0097C0EA /* Sources */ = {
			isa = PBXSourcesBuildPhase;
			buildActionMask = 2147483647;
			files = (
				9138C7771A813EBB0097C0EA /* InstaBossTests.m in Sources */,
			);
			runOnlyForDeploymentPostprocessing = 0;
		};
/* End PBXSourcesBuildPhase section */

/* Begin PBXTargetDependency section */
		9138C7721A813EBB0097C0EA /* PBXTargetDependency */ = {
			isa = PBXTargetDependency;
			target = 9138C7561A813EBB0097C0EA /* InstaBoss */;
			targetProxy = 9138C7711A813EBB0097C0EA /* PBXContainerItemProxy */;
		};
/* End PBXTargetDependency section */

/* Begin PBXVariantGroup section */
		9138C7641A813EBB0097C0EA /* Main.storyboard */ = {
			isa = PBXVariantGroup;
			children = (
				9138C7651A813EBB0097C0EA /* Base */,
			);
			name = Main.storyboard;
			sourceTree = "<group>";
		};
		9138C7691A813EBB0097C0EA /* LaunchScreen.xib */ = {
			isa = PBXVariantGroup;
			children = (
				9138C76A1A813EBB0097C0EA /* Base */,
			);
			name = LaunchScreen.xib;
			sourceTree = "<group>";
		};
/* End PBXVariantGroup section */

/* Begin XCBuildConfiguration section */
		9138C7781A813EBB0097C0EA /* Debug */ = {
			isa = XCBuildConfiguration;
			buildSettings = {
				ALWAYS_SEARCH_USER_PATHS = NO;
				CLANG_CXX_LANGUAGE_STANDARD = "gnu++0x";
				CLANG_CXX_LIBRARY = "libc++";
				CLANG_ENABLE_MODULES = YES;
				CLANG_ENABLE_OBJC_ARC = YES;
				CLANG_WARN_BOOL_CONVERSION = YES;
				CLANG_WARN_CONSTANT_CONVERSION = YES;
				CLANG_WARN_DIRECT_OBJC_ISA_USAGE = YES_ERROR;
				CLANG_WARN_EMPTY_BODY = YES;
				CLANG_WARN_ENUM_CONVERSION = YES;
				CLANG_WARN_INT_CONVERSION = YES;
				CLANG_WARN_OBJC_ROOT_CLASS = YES_ERROR;
				CLANG_WARN_UNREACHABLE_CODE = YES;
				CLANG_WARN__DUPLICATE_METHOD_MATCH = YES;
				"CODE_SIGN_IDENTITY[sdk=iphoneos*]" = "iPhone Developer";
				COPY_PHASE_STRIP = NO;
				ENABLE_STRICT_OBJC_MSGSEND = YES;
				GCC_C_LANGUAGE_STANDARD = gnu99;
				GCC_DYNAMIC_NO_PIC = NO;
				GCC_OPTIMIZATION_LEVEL = 0;
				GCC_PREPROCESSOR_DEFINITIONS = (
					"DEBUG=1",
					"$(inherited)",
				);
				GCC_SYMBOLS_PRIVATE_EXTERN = NO;
				GCC_WARN_64_TO_32_BIT_CONVERSION = YES;
				GCC_WARN_ABOUT_RETURN_TYPE = YES_ERROR;
				GCC_WARN_UNDECLARED_SELECTOR = YES;
				GCC_WARN_UNINITIALIZED_AUTOS = YES_AGGRESSIVE;
				GCC_WARN_UNUSED_FUNCTION = YES;
				GCC_WARN_UNUSED_VARIABLE = YES;
				IPHONEOS_DEPLOYMENT_TARGET = 8.1;
				MTL_ENABLE_DEBUG_INFO = YES;
				ONLY_ACTIVE_ARCH = YES;
				SDKROOT = iphoneos;
			};
			name = Debug;
		};
		9138C7791A813EBB0097C0EA /* Release */ = {
			isa = XCBuildConfiguration;
			buildSettings = {
				ALWAYS_SEARCH_USER_PATHS = NO;
				CLANG_CXX_LANGUAGE_STANDARD = "gnu++0x";
				CLANG_CXX_LIBRARY = "libc++";
				CLANG_ENABLE_MODULES = YES;
				CLANG_ENABLE_OBJC_ARC = YES;
				CLANG_WARN_BOOL_CONVERSION = YES;
				CLANG_WARN_CONSTANT_CONVERSION = YES;
				CLANG_WARN_DIRECT_OBJC_ISA_USAGE = YES_ERROR;
				CLANG_WARN_EMPTY_BODY = YES;
				CLANG_WARN_ENUM_CONVERSION = YES;
				CLANG_WARN_INT_CONVERSION = YES;
				CLANG_WARN_OBJC_ROOT_CLASS = YES_ERROR;
				CLANG_WARN_UNREACHABLE_CODE = YES;
				CLANG_WARN__DUPLICATE_METHOD_MATCH = YES;
				"CODE_SIGN_IDENTITY[sdk=iphoneos*]" = "iPhone Developer";
				COPY_PHASE_STRIP = YES;
				ENABLE_NS_ASSERTIONS = NO;
				ENABLE_STRICT_OBJC_MSGSEND = YES;
				GCC_C_LANGUAGE_STANDARD = gnu99;
				GCC_WARN_64_TO_32_BIT_CONVERSION = YES;
				GCC_WARN_ABOUT_RETURN_TYPE = YES_ERROR;
				GCC_WARN_UNDECLARED_SELECTOR = YES;
				GCC_WARN_UNINITIALIZED_AUTOS = YES_AGGRESSIVE;
				GCC_WARN_UNUSED_FUNCTION = YES;
				GCC_WARN_UNUSED_VARIABLE = YES;
				IPHONEOS_DEPLOYMENT_TARGET = 8.1;
				MTL_ENABLE_DEBUG_INFO = NO;
				SDKROOT = iphoneos;
				VALIDATE_PRODUCT = YES;
			};
			name = Release;
		};
		9138C77B1A813EBB0097C0EA /* Debug */ = {
			isa = XCBuildConfiguration;
			buildSettings = {
				ASSETCATALOG_COMPILER_APPICON_NAME = AppIcon;
				CODE_SIGN_IDENTITY = "iPhone Developer";
				"CODE_SIGN_IDENTITY[sdk=iphoneos*]" = "iPhone Developer";
				FRAMEWORK_SEARCH_PATHS = (
					"$(inherited)",
					"$(PROJECT_DIR)/InstaBoss",
					"$(PROJECT_DIR)",
				);
				INFOPLIST_FILE = InstaBoss/Info.plist;
				LD_RUNPATH_SEARCH_PATHS = "$(inherited) @executable_path/Frameworks";
				PRODUCT_NAME = "$(TARGET_NAME)";
				PROVISIONING_PROFILE = "";
			};
			name = Debug;
		};
		9138C77C1A813EBB0097C0EA /* Release */ = {
			isa = XCBuildConfiguration;
			buildSettings = {
				ASSETCATALOG_COMPILER_APPICON_NAME = AppIcon;
				CODE_SIGN_IDENTITY = "iPhone Developer";
				"CODE_SIGN_IDENTITY[sdk=iphoneos*]" = "iPhone Developer";
				FRAMEWORK_SEARCH_PATHS = (
					"$(inherited)",
					"$(PROJECT_DIR)/InstaBoss",
					"$(PROJECT_DIR)",
				);
				INFOPLIST_FILE = InstaBoss/Info.plist;
				LD_RUNPATH_SEARCH_PATHS = "$(inherited) @executable_path/Frameworks";
				PRODUCT_NAME = "$(TARGET_NAME)";
				PROVISIONING_PROFILE = "";
			};
			name = Release;
		};
		9138C77E1A813EBB0097C0EA /* Debug */ = {
			isa = XCBuildConfiguration;
			buildSettings = {
				BUNDLE_LOADER = "$(TEST_HOST)";
				FRAMEWORK_SEARCH_PATHS = (
					"$(SDKROOT)/Developer/Library/Frameworks",
					"$(inherited)",
				);
				GCC_PREPROCESSOR_DEFINITIONS = (
					"DEBUG=1",
					"$(inherited)",
				);
				INFOPLIST_FILE = InstaBossTests/Info.plist;
				LD_RUNPATH_SEARCH_PATHS = "$(inherited) @executable_path/Frameworks @loader_path/Frameworks";
				PRODUCT_NAME = "$(TARGET_NAME)";
				TEST_HOST = "$(BUILT_PRODUCTS_DIR)/InstaBoss.app/InstaBoss";
			};
			name = Debug;
		};
		9138C77F1A813EBB0097C0EA /* Release */ = {
			isa = XCBuildConfiguration;
			buildSettings = {
				BUNDLE_LOADER = "$(TEST_HOST)";
				FRAMEWORK_SEARCH_PATHS = (
					"$(SDKROOT)/Developer/Library/Frameworks",
					"$(inherited)",
				);
				INFOPLIST_FILE = InstaBossTests/Info.plist;
				LD_RUNPATH_SEARCH_PATHS = "$(inherited) @executable_path/Frameworks @loader_path/Frameworks";
				PRODUCT_NAME = "$(TARGET_NAME)";
				TEST_HOST = "$(BUILT_PRODUCTS_DIR)/InstaBoss.app/InstaBoss";
			};
			name = Release;
		};
/* End XCBuildConfiguration section */

/* Begin XCConfigurationList section */
		9138C7521A813EBB0097C0EA /* Build configuration list for PBXProject "InstaBoss" */ = {
			isa = XCConfigurationList;
			buildConfigurations = (
				9138C7781A813EBB0097C0EA /* Debug */,
				9138C7791A813EBB0097C0EA /* Release */,
			);
			defaultConfigurationIsVisible = 0;
			defaultConfigurationName = Release;
		};
		9138C77A1A813EBB0097C0EA /* Build configuration list for PBXNativeTarget "InstaBoss" */ = {
			isa = XCConfigurationList;
			buildConfigurations = (
				9138C77B1A813EBB0097C0EA /* Debug */,
				9138C77C1A813EBB0097C0EA /* Release */,
			);
			defaultConfigurationIsVisible = 0;
			defaultConfigurationName = Release;
		};
		9138C77D1A813EBB0097C0EA /* Build configuration list for PBXNativeTarget "InstaBossTests" */ = {
			isa = XCConfigurationList;
			buildConfigurations = (
				9138C77E1A813EBB0097C0EA /* Debug */,
				9138C77F1A813EBB0097C0EA /* Release */,
			);
			defaultConfigurationIsVisible = 0;
			defaultConfigurationName = Release;
		};
/* End XCConfigurationList section */
	};
	rootObject = 9138C74F1A813EBB0097C0EA /* Project object */;
}
